
Microsoft Visual Studio Solution File, Format Version 12.00
# Visual Studio Version 16
VisualStudioVersion = 16.0.29609.76
MinimumVisualStudioVersion = 10.0.40219.1
Project("{9A19103F-16F7-4668-BE54-9A1E7A4F7556}") = "AdvanceProject", "CrossPlatformEATest\AdvanceProject.csproj", "{6124621E-9445-4ECC-B83A-B85AE07C99DF}"
EndProject
Project("{9A19103F-16F7-4668-BE54-9A1E7A4F7556}") = "TestFramework", "TestFramework\TestFramework.csproj", "{D2C4160F-53D4-424D-AE4A-37C72CC1D134}"
EndProject
Global
	GlobalSection(SolutionConfigurationPlatforms) = preSolution
		Debug|Any CPU = Debug|Any CPU
		Release|Any CPU = Release|Any CPU
	EndGlobalSection
	GlobalSection(ProjectConfigurationPlatforms) = postSolution
		{6124621E-9445-4ECC-B83A-B85AE07C99DF}.Debug|Any CPU.ActiveCfg = Debug|Any CPU
		{6124621E-9445-4ECC-B83A-B85AE07C99DF}.Debug|Any CPU.Build.0 = Debug|Any CPU
		{6124621E-9445-4ECC-B83A-B85AE07C99DF}.Release|Any CPU.ActiveCfg = Release|Any CPU
		{6124621E-9445-4ECC-B83A-B85AE07C99DF}.Release|Any CPU.Build.0 = Release|Any CPU
		{D2C4160F-53D4-424D-AE4A-37C72CC1D134}.Debug|Any CPU.ActiveCfg = Debug|Any CPU
		{D2C4160F-53D4-424D-AE4A-37C72CC1D134}.Debug|Any CPU.Build.0 = Debug|Any CPU
		{D2C4160F-53D4-424D-AE4A-37C72CC1D134}.Release|Any CPU.ActiveCfg = Release|Any CPU
		{D2C4160F-53D4-424D-AE4A-37C72CC1D134}.Release|Any CPU.Build.0 = Release|Any CPU
	EndGlobalSection
	GlobalSection(SolutionProperties) = preSolution
		HideSolutionNode = FALSE
	EndGlobalSection
	GlobalSection(ExtensibilityGlobals) = postSolution
		SolutionGuid = {17E53B3E-E30E-4A34-B2A6-6499FC72D298}
	EndGlobalSection
EndGlobal
